// !$*UTF8*$!
{
	archiveVersion = 1;
	classes = {
	};
	objectVersion = 70;
	objects = {

/* Begin PBXBuildFile section */
		5A2AEC7327B1A871004694C9 /* HTTPResponse.swift in Sources */ = {isa = PBXBuildFile; fileRef = 5A2AEC7227B1A871004694C9 /* HTTPResponse.swift */; };
		8194C8E62D6623310085EED6 /* UserModel.swift in Sources */ = {isa = PBXBuildFile; fileRef = F913B3DE26B40C5B008F6CD2 /* UserModel.swift */; };
		8194C8E72D6623360085EED6 /* InvalidCreateUsersRequest.swift in Sources */ = {isa = PBXBuildFile; fileRef = F9FCFF4326C6AACD00540FE1 /* InvalidCreateUsersRequest.swift */; };
		8194C8E82D6623360085EED6 /* CreateUsersRequest.swift in Sources */ = {isa = PBXBuildFile; fileRef = F913B3E326B41116008F6CD2 /* CreateUsersRequest.swift */; };
		8194C8E92D6623360085EED6 /* TestDownloadRequest.swift in Sources */ = {isa = PBXBuildFile; fileRef = 82D5C1D028E59D7F00179E66 /* TestDownloadRequest.swift */; };
		8194C8EA2D6623360085EED6 /* GetUsersRequest.swift in Sources */ = {isa = PBXBuildFile; fileRef = F913B3DB26B40C0F008F6CD2 /* GetUsersRequest.swift */; };
		81DAE1722D6620FC00D6D672 /* AdyenNetworking.framework in Frameworks */ = {isa = PBXBuildFile; fileRef = F938996E26B004EE0065561F /* AdyenNetworking.framework */; };
		81EA9E4D2D563B4E00C077C9 /* AdyenNetworking.framework in Frameworks */ = {isa = PBXBuildFile; fileRef = F938996E26B004EE0065561F /* AdyenNetworking.framework */; };
		81F46BB52D6621630044FF5F /* APIContext.swift in Sources */ = {isa = PBXBuildFile; fileRef = F913B3E026B40E0B008F6CD2 /* APIContext.swift */; };
		81F46BB62D6621690044FF5F /* MockScheduler.swift in Sources */ = {isa = PBXBuildFile; fileRef = 82EC1A1728ED7D8600F47B10 /* MockScheduler.swift */; };
		81F46BB72D66218A0044FF5F /* AdyenNetworkingTests.xctestplan in Resources */ = {isa = PBXBuildFile; fileRef = 81DAE16E2D661BCF00D6D672 /* AdyenNetworkingTests.xctestplan */; };
		AE58F25F2968474500012D1A /* AnyResponseValidator.swift in Sources */ = {isa = PBXBuildFile; fileRef = AE58F25E2968474500012D1A /* AnyResponseValidator.swift */; };
		B14E1D8F28A27F1D00E36290 /* AnyCoder.swift in Sources */ = {isa = PBXBuildFile; fileRef = B14E1D8E28A27F1D00E36290 /* AnyCoder.swift */; };
		F938997F26B004EF0065561F /* AdyenNetworking.h in Headers */ = {isa = PBXBuildFile; fileRef = F938997126B004EE0065561F /* AdyenNetworking.h */; settings = {ATTRIBUTES = (Public, ); }; };
		F938999026B0059E0065561F /* RetryAPIClient.swift in Sources */ = {isa = PBXBuildFile; fileRef = F938998926B0059E0065561F /* RetryAPIClient.swift */; };
		F938999126B0059E0065561F /* SimpleScheduler.swift in Sources */ = {isa = PBXBuildFile; fileRef = F938998A26B0059E0065561F /* SimpleScheduler.swift */; };
		F938999226B0059E0065561F /* APIClient.swift in Sources */ = {isa = PBXBuildFile; fileRef = F938998B26B0059E0065561F /* APIClient.swift */; };
		F938999326B0059E0065561F /* Scheduler.swift in Sources */ = {isa = PBXBuildFile; fileRef = F938998C26B0059E0065561F /* Scheduler.swift */; };
		F938999426B0059E0065561F /* RetryOnErrorAPIClient.swift in Sources */ = {isa = PBXBuildFile; fileRef = F938998D26B0059E0065561F /* RetryOnErrorAPIClient.swift */; };
		F938999526B0059E0065561F /* BackoffScheduler.swift in Sources */ = {isa = PBXBuildFile; fileRef = F938998E26B0059E0065561F /* BackoffScheduler.swift */; };
		F938999626B0059E0065561F /* UniqueAssetAPIClient.swift in Sources */ = {isa = PBXBuildFile; fileRef = F938998F26B0059E0065561F /* UniqueAssetAPIClient.swift */; };
		F938999826B005B00065561F /* Request.swift in Sources */ = {isa = PBXBuildFile; fileRef = F938999726B005B00065561F /* Request.swift */; };
		F938999B26B005D70065561F /* AnyAPIContext.swift in Sources */ = {isa = PBXBuildFile; fileRef = F938999926B005D70065561F /* AnyAPIContext.swift */; };
		F938999C26B005D70065561F /* AnyAPIEnvironment.swift in Sources */ = {isa = PBXBuildFile; fileRef = F938999A26B005D70065561F /* AnyAPIEnvironment.swift */; };
		F938999E26B0061C0065561F /* Coder.swift in Sources */ = {isa = PBXBuildFile; fileRef = F938999D26B0061C0065561F /* Coder.swift */; };
		F93899A226B006610065561F /* URLSessionHelpers.swift in Sources */ = {isa = PBXBuildFile; fileRef = F93899A126B006610065561F /* URLSessionHelpers.swift */; };
		F93899A526B006900065561F /* Logging.swift in Sources */ = {isa = PBXBuildFile; fileRef = F93899A326B006900065561F /* Logging.swift */; };
		F93899A826B007730065561F /* Errors.swift in Sources */ = {isa = PBXBuildFile; fileRef = F93899A726B007730065561F /* Errors.swift */; };
		F93899AA26B008080065561F /* URLHelpers.swift in Sources */ = {isa = PBXBuildFile; fileRef = F93899A926B008080065561F /* URLHelpers.swift */; };
		F9FCFF4826CB96E800540FE1 /* APIClientTests.swift in Sources */ = {isa = PBXBuildFile; fileRef = F9FCFF4726CB96E800540FE1 /* APIClientTests.swift */; };
/* End PBXBuildFile section */

/* Begin PBXContainerItemProxy section */
		81DAE1742D6620FC00D6D672 /* PBXContainerItemProxy */ = {
			isa = PBXContainerItemProxy;
			containerPortal = F938996526B004EE0065561F /* Project object */;
			proxyType = 1;
			remoteGlobalIDString = F938996D26B004EE0065561F;
			remoteInfo = AdyenNetworking;
		};
		81EA9E4E2D563B4E00C077C9 /* PBXContainerItemProxy */ = {
			isa = PBXContainerItemProxy;
			containerPortal = F938996526B004EE0065561F /* Project object */;
			proxyType = 1;
			remoteGlobalIDString = F938996D26B004EE0065561F;
			remoteInfo = AdyenNetworking;
		};
/* End PBXContainerItemProxy section */

/* Begin PBXFileReference section */
		5A2AEC7227B1A871004694C9 /* HTTPResponse.swift */ = {isa = PBXFileReference; lastKnownFileType = sourcecode.swift; path = HTTPResponse.swift; sourceTree = "<group>"; };
		81CCFA792D6622F3008FDB61 /* EndToEndTests.xctestplan */ = {isa = PBXFileReference; lastKnownFileType = text; path = EndToEndTests.xctestplan; sourceTree = "<group>"; };
		81DAE16E2D661BCF00D6D672 /* AdyenNetworkingTests.xctestplan */ = {isa = PBXFileReference; lastKnownFileType = text; path = AdyenNetworkingTests.xctestplan; sourceTree = "<group>"; };
		81EA9E492D563B4E00C077C9 /* UnitTests.xctest */ = {isa = PBXFileReference; explicitFileType = wrapper.cfbundle; includeInIndex = 0; path = UnitTests.xctest; sourceTree = BUILT_PRODUCTS_DIR; };
		82D5C1D028E59D7F00179E66 /* TestDownloadRequest.swift */ = {isa = PBXFileReference; lastKnownFileType = sourcecode.swift; path = TestDownloadRequest.swift; sourceTree = "<group>"; };
		82EC1A1728ED7D8600F47B10 /* MockScheduler.swift */ = {isa = PBXFileReference; lastKnownFileType = sourcecode.swift; path = MockScheduler.swift; sourceTree = "<group>"; };
		AE58F25E2968474500012D1A /* AnyResponseValidator.swift */ = {isa = PBXFileReference; fileEncoding = 4; lastKnownFileType = sourcecode.swift; path = AnyResponseValidator.swift; sourceTree = "<group>"; };
		B14E1D8E28A27F1D00E36290 /* AnyCoder.swift */ = {isa = PBXFileReference; fileEncoding = 4; lastKnownFileType = sourcecode.swift; path = AnyCoder.swift; sourceTree = "<group>"; };
		F913B3BF26B18551008F6CD2 /* EndToEndTests.xctest */ = {isa = PBXFileReference; explicitFileType = wrapper.cfbundle; includeInIndex = 0; path = EndToEndTests.xctest; sourceTree = BUILT_PRODUCTS_DIR; };
		F913B3DB26B40C0F008F6CD2 /* GetUsersRequest.swift */ = {isa = PBXFileReference; lastKnownFileType = sourcecode.swift; path = GetUsersRequest.swift; sourceTree = "<group>"; };
		F913B3DE26B40C5B008F6CD2 /* UserModel.swift */ = {isa = PBXFileReference; lastKnownFileType = sourcecode.swift; path = UserModel.swift; sourceTree = "<group>"; };
		F913B3E026B40E0B008F6CD2 /* APIContext.swift */ = {isa = PBXFileReference; lastKnownFileType = sourcecode.swift; path = APIContext.swift; sourceTree = "<group>"; };
		F913B3E326B41116008F6CD2 /* CreateUsersRequest.swift */ = {isa = PBXFileReference; lastKnownFileType = sourcecode.swift; path = CreateUsersRequest.swift; sourceTree = "<group>"; };
		F938996E26B004EE0065561F /* AdyenNetworking.framework */ = {isa = PBXFileReference; explicitFileType = wrapper.framework; includeInIndex = 0; path = AdyenNetworking.framework; sourceTree = BUILT_PRODUCTS_DIR; };
		F938997126B004EE0065561F /* AdyenNetworking.h */ = {isa = PBXFileReference; lastKnownFileType = sourcecode.c.h; path = AdyenNetworking.h; sourceTree = "<group>"; };
		F938997226B004EE0065561F /* Info.plist */ = {isa = PBXFileReference; lastKnownFileType = text.plist.xml; path = Info.plist; sourceTree = "<group>"; };
		F938998926B0059E0065561F /* RetryAPIClient.swift */ = {isa = PBXFileReference; fileEncoding = 4; lastKnownFileType = sourcecode.swift; path = RetryAPIClient.swift; sourceTree = "<group>"; };
		F938998A26B0059E0065561F /* SimpleScheduler.swift */ = {isa = PBXFileReference; fileEncoding = 4; lastKnownFileType = sourcecode.swift; path = SimpleScheduler.swift; sourceTree = "<group>"; };
		F938998B26B0059E0065561F /* APIClient.swift */ = {isa = PBXFileReference; fileEncoding = 4; lastKnownFileType = sourcecode.swift; path = APIClient.swift; sourceTree = "<group>"; };
		F938998C26B0059E0065561F /* Scheduler.swift */ = {isa = PBXFileReference; fileEncoding = 4; lastKnownFileType = sourcecode.swift; path = Scheduler.swift; sourceTree = "<group>"; };
		F938998D26B0059E0065561F /* RetryOnErrorAPIClient.swift */ = {isa = PBXFileReference; fileEncoding = 4; lastKnownFileType = sourcecode.swift; path = RetryOnErrorAPIClient.swift; sourceTree = "<group>"; };
		F938998E26B0059E0065561F /* BackoffScheduler.swift */ = {isa = PBXFileReference; fileEncoding = 4; lastKnownFileType = sourcecode.swift; path = BackoffScheduler.swift; sourceTree = "<group>"; };
		F938998F26B0059E0065561F /* UniqueAssetAPIClient.swift */ = {isa = PBXFileReference; fileEncoding = 4; lastKnownFileType = sourcecode.swift; path = UniqueAssetAPIClient.swift; sourceTree = "<group>"; };
		F938999726B005B00065561F /* Request.swift */ = {isa = PBXFileReference; fileEncoding = 4; lastKnownFileType = sourcecode.swift; path = Request.swift; sourceTree = "<group>"; };
		F938999926B005D70065561F /* AnyAPIContext.swift */ = {isa = PBXFileReference; fileEncoding = 4; lastKnownFileType = sourcecode.swift; path = AnyAPIContext.swift; sourceTree = "<group>"; };
		F938999A26B005D70065561F /* AnyAPIEnvironment.swift */ = {isa = PBXFileReference; fileEncoding = 4; lastKnownFileType = sourcecode.swift; path = AnyAPIEnvironment.swift; sourceTree = "<group>"; };
		F938999D26B0061C0065561F /* Coder.swift */ = {isa = PBXFileReference; fileEncoding = 4; lastKnownFileType = sourcecode.swift; path = Coder.swift; sourceTree = "<group>"; };
		F93899A126B006610065561F /* URLSessionHelpers.swift */ = {isa = PBXFileReference; fileEncoding = 4; lastKnownFileType = sourcecode.swift; path = URLSessionHelpers.swift; sourceTree = "<group>"; };
		F93899A326B006900065561F /* Logging.swift */ = {isa = PBXFileReference; fileEncoding = 4; lastKnownFileType = sourcecode.swift; path = Logging.swift; sourceTree = "<group>"; };
		F93899A726B007730065561F /* Errors.swift */ = {isa = PBXFileReference; lastKnownFileType = sourcecode.swift; path = Errors.swift; sourceTree = "<group>"; };
		F93899A926B008080065561F /* URLHelpers.swift */ = {isa = PBXFileReference; fileEncoding = 4; lastKnownFileType = sourcecode.swift; path = URLHelpers.swift; sourceTree = "<group>"; };
		F9FCFF4326C6AACD00540FE1 /* InvalidCreateUsersRequest.swift */ = {isa = PBXFileReference; lastKnownFileType = sourcecode.swift; path = InvalidCreateUsersRequest.swift; sourceTree = "<group>"; };
		F9FCFF4726CB96E800540FE1 /* APIClientTests.swift */ = {isa = PBXFileReference; lastKnownFileType = sourcecode.swift; path = APIClientTests.swift; sourceTree = "<group>"; };
/* End PBXFileReference section */

/* Begin PBXFileSystemSynchronizedBuildFileExceptionSet section */
		81CCFA6B2D662274008FDB61 /* PBXFileSystemSynchronizedBuildFileExceptionSet */ = {
			isa = PBXFileSystemSynchronizedBuildFileExceptionSet;
			membershipExceptions = (
				UnitTests.xctestplan,
			);
			target = 81EA9E482D563B4E00C077C9 /* UnitTests */;
		};
/* End PBXFileSystemSynchronizedBuildFileExceptionSet section */

/* Begin PBXFileSystemSynchronizedRootGroup section */
		81EA9E4A2D563B4E00C077C9 /* UnitTests */ = {isa = PBXFileSystemSynchronizedRootGroup; exceptions = (81CCFA6B2D662274008FDB61 /* PBXFileSystemSynchronizedBuildFileExceptionSet */, ); explicitFileTypes = {}; explicitFolders = (); path = UnitTests; sourceTree = "<group>"; };
/* End PBXFileSystemSynchronizedRootGroup section */

/* Begin PBXFrameworksBuildPhase section */
		81EA9E462D563B4E00C077C9 /* Frameworks */ = {
			isa = PBXFrameworksBuildPhase;
			buildActionMask = 2147483647;
			files = (
				81EA9E4D2D563B4E00C077C9 /* AdyenNetworking.framework in Frameworks */,
			);
			runOnlyForDeploymentPostprocessing = 0;
		};
		F913B3BC26B18551008F6CD2 /* Frameworks */ = {
			isa = PBXFrameworksBuildPhase;
			buildActionMask = 2147483647;
			files = (
				81DAE1722D6620FC00D6D672 /* AdyenNetworking.framework in Frameworks */,
			);
			runOnlyForDeploymentPostprocessing = 0;
		};
		F938996B26B004EE0065561F /* Frameworks */ = {
			isa = PBXFrameworksBuildPhase;
			buildActionMask = 2147483647;
			files = (
			);
			runOnlyForDeploymentPostprocessing = 0;
		};
/* End PBXFrameworksBuildPhase section */

/* Begin PBXGroup section */
		81DAE1712D6620BF00D6D672 /* Tests */ = {
			isa = PBXGroup;
			children = (
				81DAE16E2D661BCF00D6D672 /* AdyenNetworkingTests.xctestplan */,
				F913B3C226B18551008F6CD2 /* EndToEndTests */,
				81EA9E4A2D563B4E00C077C9 /* UnitTests */,
			);
			path = Tests;
			sourceTree = "<group>";
		};
		F913B3C226B18551008F6CD2 /* EndToEndTests */ = {
			isa = PBXGroup;
			children = (
				F913B3E226B410C3008F6CD2 /* Mocks */,
				F9FCFF4726CB96E800540FE1 /* APIClientTests.swift */,
				81CCFA792D6622F3008FDB61 /* EndToEndTests.xctestplan */,
			);
			path = EndToEndTests;
			sourceTree = "<group>";
		};
		F913B3DA26B40BEA008F6CD2 /* Requests */ = {
			isa = PBXGroup;
			children = (
				F913B3DB26B40C0F008F6CD2 /* GetUsersRequest.swift */,
				F913B3E326B41116008F6CD2 /* CreateUsersRequest.swift */,
				F9FCFF4326C6AACD00540FE1 /* InvalidCreateUsersRequest.swift */,
				82D5C1D028E59D7F00179E66 /* TestDownloadRequest.swift */,
			);
			path = Requests;
			sourceTree = "<group>";
		};
		F913B3DD26B40C49008F6CD2 /* Model */ = {
			isa = PBXGroup;
			children = (
				F913B3DE26B40C5B008F6CD2 /* UserModel.swift */,
			);
			path = Model;
			sourceTree = "<group>";
		};
		F913B3E226B410C3008F6CD2 /* Mocks */ = {
			isa = PBXGroup;
			children = (
				82EC1A1728ED7D8600F47B10 /* MockScheduler.swift */,
				F913B3E026B40E0B008F6CD2 /* APIContext.swift */,
				F913B3DD26B40C49008F6CD2 /* Model */,
				F913B3DA26B40BEA008F6CD2 /* Requests */,
			);
			path = Mocks;
			sourceTree = "<group>";
		};
		F913B3E526B4152C008F6CD2 /* Frameworks */ = {
			isa = PBXGroup;
			children = (
			);
			name = Frameworks;
			sourceTree = "<group>";
		};
		F938996426B004EE0065561F = {
			isa = PBXGroup;
			children = (
				F938997026B004EE0065561F /* AdyenNetworking */,
				81DAE1712D6620BF00D6D672 /* Tests */,
				F938996F26B004EE0065561F /* Products */,
				F913B3E526B4152C008F6CD2 /* Frameworks */,
			);
			sourceTree = "<group>";
		};
		F938996F26B004EE0065561F /* Products */ = {
			isa = PBXGroup;
			children = (
				F938996E26B004EE0065561F /* AdyenNetworking.framework */,
				F913B3BF26B18551008F6CD2 /* EndToEndTests.xctest */,
				81EA9E492D563B4E00C077C9 /* UnitTests.xctest */,
			);
			name = Products;
			sourceTree = "<group>";
		};
		F938997026B004EE0065561F /* AdyenNetworking */ = {
			isa = PBXGroup;
			children = (
				F93899AB26B00ADE0065561F /* Helpers */,
				F938998826B0056A0065561F /* APIClient */,
				F938997126B004EE0065561F /* AdyenNetworking.h */,
				F938997226B004EE0065561F /* Info.plist */,
			);
			path = AdyenNetworking;
			sourceTree = "<group>";
		};
		F938998826B0056A0065561F /* APIClient */ = {
			isa = PBXGroup;
			children = (
				AE58F25E2968474500012D1A /* AnyResponseValidator.swift */,
				B14E1D8E28A27F1D00E36290 /* AnyCoder.swift */,
				F938999926B005D70065561F /* AnyAPIContext.swift */,
				F938999A26B005D70065561F /* AnyAPIEnvironment.swift */,
				F938999726B005B00065561F /* Request.swift */,
				5A2AEC7227B1A871004694C9 /* HTTPResponse.swift */,
				F93899A726B007730065561F /* Errors.swift */,
				F938998B26B0059E0065561F /* APIClient.swift */,
				F938998E26B0059E0065561F /* BackoffScheduler.swift */,
				F938998926B0059E0065561F /* RetryAPIClient.swift */,
				F938998D26B0059E0065561F /* RetryOnErrorAPIClient.swift */,
				F938998C26B0059E0065561F /* Scheduler.swift */,
				F938998A26B0059E0065561F /* SimpleScheduler.swift */,
				F938998F26B0059E0065561F /* UniqueAssetAPIClient.swift */,
			);
			path = APIClient;
			sourceTree = "<group>";
		};
		F93899AB26B00ADE0065561F /* Helpers */ = {
			isa = PBXGroup;
			children = (
				F93899A926B008080065561F /* URLHelpers.swift */,
				F93899A326B006900065561F /* Logging.swift */,
				F93899A126B006610065561F /* URLSessionHelpers.swift */,
				F938999D26B0061C0065561F /* Coder.swift */,
			);
			path = Helpers;
			sourceTree = "<group>";
		};
/* End PBXGroup section */

/* Begin PBXHeadersBuildPhase section */
		F938996926B004EE0065561F /* Headers */ = {
			isa = PBXHeadersBuildPhase;
			buildActionMask = 2147483647;
			files = (
				F938997F26B004EF0065561F /* AdyenNetworking.h in Headers */,
			);
			runOnlyForDeploymentPostprocessing = 0;
		};
/* End PBXHeadersBuildPhase section */

/* Begin PBXNativeTarget section */
		81EA9E482D563B4E00C077C9 /* UnitTests */ = {
			isa = PBXNativeTarget;
			buildConfigurationList = 81EA9E502D563B4E00C077C9 /* Build configuration list for PBXNativeTarget "UnitTests" */;
			buildPhases = (
				81EA9E452D563B4E00C077C9 /* Sources */,
				81EA9E462D563B4E00C077C9 /* Frameworks */,
				81EA9E472D563B4E00C077C9 /* Resources */,
			);
			buildRules = (
			);
			dependencies = (
				81EA9E4F2D563B4E00C077C9 /* PBXTargetDependency */,
			);
			fileSystemSynchronizedGroups = (
				81EA9E4A2D563B4E00C077C9 /* UnitTests */,
			);
			name = UnitTests;
			packageProductDependencies = (
			);
			productName = AdyenNetworkingTests;
			productReference = 81EA9E492D563B4E00C077C9 /* UnitTests.xctest */;
			productType = "com.apple.product-type.bundle.unit-test";
		};
		F913B3BE26B18551008F6CD2 /* EndToEndTests */ = {
			isa = PBXNativeTarget;
			buildConfigurationList = F913B3D826B18552008F6CD2 /* Build configuration list for PBXNativeTarget "EndToEndTests" */;
			buildPhases = (
				F913B3BB26B18551008F6CD2 /* Sources */,
				F913B3BC26B18551008F6CD2 /* Frameworks */,
				F913B3BD26B18551008F6CD2 /* Resources */,
			);
			buildRules = (
			);
			dependencies = (
				81DAE1752D6620FC00D6D672 /* PBXTargetDependency */,
			);
			name = EndToEndTests;
			productName = "Networking Demo AppTests";
			productReference = F913B3BF26B18551008F6CD2 /* EndToEndTests.xctest */;
			productType = "com.apple.product-type.bundle.unit-test";
		};
		F938996D26B004EE0065561F /* AdyenNetworking */ = {
			isa = PBXNativeTarget;
			buildConfigurationList = F938998226B004EF0065561F /* Build configuration list for PBXNativeTarget "AdyenNetworking" */;
			buildPhases = (
				F938996926B004EE0065561F /* Headers */,
				F938996A26B004EE0065561F /* Sources */,
				F938996B26B004EE0065561F /* Frameworks */,
				F938996C26B004EE0065561F /* Resources */,
			);
			buildRules = (
			);
			dependencies = (
			);
			name = AdyenNetworking;
			productName = AdyenNetworking;
			productReference = F938996E26B004EE0065561F /* AdyenNetworking.framework */;
			productType = "com.apple.product-type.framework";
		};
/* End PBXNativeTarget section */

/* Begin PBXProject section */
		F938996526B004EE0065561F /* Project object */ = {
			isa = PBXProject;
			attributes = {
				BuildIndependentTargetsInParallel = YES;
				LastSwiftUpdateCheck = 1250;
				LastUpgradeCheck = 1430;
				TargetAttributes = {
					81EA9E482D563B4E00C077C9 = {
						CreatedOnToolsVersion = 16.1;
					};
					F913B3BE26B18551008F6CD2 = {
						CreatedOnToolsVersion = 12.5;
					};
					F938996D26B004EE0065561F = {
						CreatedOnToolsVersion = 12.5;
						LastSwiftMigration = 1250;
					};
				};
			};
			buildConfigurationList = F938996826B004EE0065561F /* Build configuration list for PBXProject "AdyenNetworking" */;
			compatibilityVersion = "Xcode 9.3";
			developmentRegion = en;
			hasScannedForEncodings = 0;
			knownRegions = (
				en,
				Base,
			);
			mainGroup = F938996426B004EE0065561F;
			productRefGroup = F938996F26B004EE0065561F /* Products */;
			projectDirPath = "";
			projectRoot = "";
			targets = (
				F938996D26B004EE0065561F /* AdyenNetworking */,
				F913B3BE26B18551008F6CD2 /* EndToEndTests */,
				81EA9E482D563B4E00C077C9 /* UnitTests */,
			);
		};
/* End PBXProject section */

/* Begin PBXResourcesBuildPhase section */
		81EA9E472D563B4E00C077C9 /* Resources */ = {
			isa = PBXResourcesBuildPhase;
			buildActionMask = 2147483647;
			files = (
			);
			runOnlyForDeploymentPostprocessing = 0;
		};
		F913B3BD26B18551008F6CD2 /* Resources */ = {
			isa = PBXResourcesBuildPhase;
			buildActionMask = 2147483647;
			files = (
			);
			runOnlyForDeploymentPostprocessing = 0;
		};
		F938996C26B004EE0065561F /* Resources */ = {
			isa = PBXResourcesBuildPhase;
			buildActionMask = 2147483647;
			files = (
				81F46BB72D66218A0044FF5F /* AdyenNetworkingTests.xctestplan in Resources */,
			);
			runOnlyForDeploymentPostprocessing = 0;
		};
/* End PBXResourcesBuildPhase section */

/* Begin PBXSourcesBuildPhase section */
		81EA9E452D563B4E00C077C9 /* Sources */ = {
			isa = PBXSourcesBuildPhase;
			buildActionMask = 2147483647;
			files = (
			);
			runOnlyForDeploymentPostprocessing = 0;
		};
		F913B3BB26B18551008F6CD2 /* Sources */ = {
			isa = PBXSourcesBuildPhase;
			buildActionMask = 2147483647;
			files = (
				81F46BB52D6621630044FF5F /* APIContext.swift in Sources */,
				81F46BB62D6621690044FF5F /* MockScheduler.swift in Sources */,
				8194C8E62D6623310085EED6 /* UserModel.swift in Sources */,
				8194C8E72D6623360085EED6 /* InvalidCreateUsersRequest.swift in Sources */,
				8194C8E82D6623360085EED6 /* CreateUsersRequest.swift in Sources */,
				8194C8E92D6623360085EED6 /* TestDownloadRequest.swift in Sources */,
				8194C8EA2D6623360085EED6 /* GetUsersRequest.swift in Sources */,
				F9FCFF4826CB96E800540FE1 /* APIClientTests.swift in Sources */,
			);
			runOnlyForDeploymentPostprocessing = 0;
		};
		F938996A26B004EE0065561F /* Sources */ = {
			isa = PBXSourcesBuildPhase;
			buildActionMask = 2147483647;
			files = (
				F938999526B0059E0065561F /* BackoffScheduler.swift in Sources */,
				F938999826B005B00065561F /* Request.swift in Sources */,
				F938999026B0059E0065561F /* RetryAPIClient.swift in Sources */,
				F938999326B0059E0065561F /* Scheduler.swift in Sources */,
				F938999B26B005D70065561F /* AnyAPIContext.swift in Sources */,
				F938999126B0059E0065561F /* SimpleScheduler.swift in Sources */,
				F938999626B0059E0065561F /* UniqueAssetAPIClient.swift in Sources */,
				F938999226B0059E0065561F /* APIClient.swift in Sources */,
				AE58F25F2968474500012D1A /* AnyResponseValidator.swift in Sources */,
				F93899A226B006610065561F /* URLSessionHelpers.swift in Sources */,
				F938999426B0059E0065561F /* RetryOnErrorAPIClient.swift in Sources */,
				F93899AA26B008080065561F /* URLHelpers.swift in Sources */,
				B14E1D8F28A27F1D00E36290 /* AnyCoder.swift in Sources */,
				F93899A526B006900065561F /* Logging.swift in Sources */,
				5A2AEC7327B1A871004694C9 /* HTTPResponse.swift in Sources */,
				F93899A826B007730065561F /* Errors.swift in Sources */,
				F938999E26B0061C0065561F /* Coder.swift in Sources */,
				F938999C26B005D70065561F /* AnyAPIEnvironment.swift in Sources */,
			);
			runOnlyForDeploymentPostprocessing = 0;
		};
/* End PBXSourcesBuildPhase section */

/* Begin PBXTargetDependency section */
		81DAE1752D6620FC00D6D672 /* PBXTargetDependency */ = {
			isa = PBXTargetDependency;
			target = F938996D26B004EE0065561F /* AdyenNetworking */;
			targetProxy = 81DAE1742D6620FC00D6D672 /* PBXContainerItemProxy */;
		};
		81EA9E4F2D563B4E00C077C9 /* PBXTargetDependency */ = {
			isa = PBXTargetDependency;
			target = F938996D26B004EE0065561F /* AdyenNetworking */;
			targetProxy = 81EA9E4E2D563B4E00C077C9 /* PBXContainerItemProxy */;
		};
/* End PBXTargetDependency section */

/* Begin XCBuildConfiguration section */
		81EA9E512D563B4E00C077C9 /* Debug */ = {
			isa = XCBuildConfiguration;
			buildSettings = {
				ASSETCATALOG_COMPILER_GENERATE_SWIFT_ASSET_SYMBOL_EXTENSIONS = YES;
				CLANG_CXX_LANGUAGE_STANDARD = "gnu++20";
				CODE_SIGN_STYLE = Automatic;
				DEVELOPMENT_TEAM = MTHKLN76CG;
				ENABLE_USER_SCRIPT_SANDBOXING = YES;
				GCC_C_LANGUAGE_STANDARD = gnu17;
				GENERATE_INFOPLIST_FILE = YES;
				IPHONEOS_DEPLOYMENT_TARGET = 18.0;
				LOCALIZATION_PREFERS_STRING_CATALOGS = YES;
				PRODUCT_BUNDLE_IDENTIFIER = com.adyen.AdyenNetworkingTests;
				PRODUCT_NAME = "$(TARGET_NAME)";
				SWIFT_ACTIVE_COMPILATION_CONDITIONS = "DEBUG $(inherited)";
				SWIFT_EMIT_LOC_STRINGS = NO;
				TARGETED_DEVICE_FAMILY = "1,2";
			};
			name = Debug;
		};
		81EA9E522D563B4E00C077C9 /* Release */ = {
			isa = XCBuildConfiguration;
			buildSettings = {
				ASSETCATALOG_COMPILER_GENERATE_SWIFT_ASSET_SYMBOL_EXTENSIONS = YES;
				CLANG_CXX_LANGUAGE_STANDARD = "gnu++20";
				CODE_SIGN_STYLE = Automatic;
				DEVELOPMENT_TEAM = MTHKLN76CG;
				ENABLE_USER_SCRIPT_SANDBOXING = YES;
				GCC_C_LANGUAGE_STANDARD = gnu17;
				GENERATE_INFOPLIST_FILE = YES;
				IPHONEOS_DEPLOYMENT_TARGET = 18.0;
				LOCALIZATION_PREFERS_STRING_CATALOGS = YES;
				PRODUCT_BUNDLE_IDENTIFIER = com.adyen.AdyenNetworkingTests;
				PRODUCT_NAME = "$(TARGET_NAME)";
				SWIFT_EMIT_LOC_STRINGS = NO;
				TARGETED_DEVICE_FAMILY = "1,2";
			};
			name = Release;
		};
		F913B3D326B18552008F6CD2 /* Debug */ = {
			isa = XCBuildConfiguration;
			buildSettings = {
				CODE_SIGN_STYLE = Automatic;
				DEVELOPMENT_TEAM = B2NYSS5932;
				GENERATE_INFOPLIST_FILE = YES;
				IPHONEOS_DEPLOYMENT_TARGET = 18.0;
				LD_RUNPATH_SEARCH_PATHS = (
					"$(inherited)",
					"@executable_path/Frameworks",
					"@loader_path/Frameworks",
				);
				PRODUCT_BUNDLE_IDENTIFIER = "com.adyen.Networking-Demo-AppTests";
				PRODUCT_NAME = "$(TARGET_NAME)";
				TARGETED_DEVICE_FAMILY = "1,2";
			};
			name = Debug;
		};
		F913B3D426B18552008F6CD2 /* Release */ = {
			isa = XCBuildConfiguration;
			buildSettings = {
				CODE_SIGN_STYLE = Automatic;
				DEVELOPMENT_TEAM = B2NYSS5932;
				GENERATE_INFOPLIST_FILE = YES;
				IPHONEOS_DEPLOYMENT_TARGET = 18.0;
				LD_RUNPATH_SEARCH_PATHS = (
					"$(inherited)",
					"@executable_path/Frameworks",
					"@loader_path/Frameworks",
				);
				PRODUCT_BUNDLE_IDENTIFIER = "com.adyen.Networking-Demo-AppTests";
				PRODUCT_NAME = "$(TARGET_NAME)";
				TARGETED_DEVICE_FAMILY = "1,2";
			};
			name = Release;
		};
		F938998026B004EF0065561F /* Debug */ = {
			isa = XCBuildConfiguration;
			buildSettings = {
				ALWAYS_SEARCH_USER_PATHS = NO;
				CLANG_ANALYZER_NONNULL = YES;
				CLANG_ANALYZER_NUMBER_OBJECT_CONVERSION = YES_AGGRESSIVE;
				CLANG_CXX_LANGUAGE_STANDARD = "gnu++14";
				CLANG_CXX_LIBRARY = "libc++";
				CLANG_ENABLE_MODULES = YES;
				CLANG_ENABLE_OBJC_ARC = YES;
				CLANG_ENABLE_OBJC_WEAK = YES;
				CLANG_WARN_BLOCK_CAPTURE_AUTORELEASING = YES;
				CLANG_WARN_BOOL_CONVERSION = YES;
				CLANG_WARN_COMMA = YES;
				CLANG_WARN_CONSTANT_CONVERSION = YES;
				CLANG_WARN_DEPRECATED_OBJC_IMPLEMENTATIONS = YES;
				CLANG_WARN_DIRECT_OBJC_ISA_USAGE = YES_ERROR;
				CLANG_WARN_DOCUMENTATION_COMMENTS = YES;
				CLANG_WARN_EMPTY_BODY = YES;
				CLANG_WARN_ENUM_CONVERSION = YES;
				CLANG_WARN_INFINITE_RECURSION = YES;
				CLANG_WARN_INT_CONVERSION = YES;
				CLANG_WARN_NON_LITERAL_NULL_CONVERSION = YES;
				CLANG_WARN_OBJC_IMPLICIT_RETAIN_SELF = YES;
				CLANG_WARN_OBJC_LITERAL_CONVERSION = YES;
				CLANG_WARN_OBJC_ROOT_CLASS = YES_ERROR;
				CLANG_WARN_QUOTED_INCLUDE_IN_FRAMEWORK_HEADER = YES;
				CLANG_WARN_RANGE_LOOP_ANALYSIS = YES;
				CLANG_WARN_STRICT_PROTOTYPES = YES;
				CLANG_WARN_SUSPICIOUS_MOVE = YES;
				CLANG_WARN_UNGUARDED_AVAILABILITY = YES_AGGRESSIVE;
				CLANG_WARN_UNREACHABLE_CODE = YES;
				CLANG_WARN__DUPLICATE_METHOD_MATCH = YES;
				COPY_PHASE_STRIP = NO;
				CURRENT_PROJECT_VERSION = 3.0.0;
				DEBUG_INFORMATION_FORMAT = dwarf;
				DYLIB_CURRENT_VERSION = 3.0.0;
				ENABLE_STRICT_OBJC_MSGSEND = YES;
				ENABLE_TESTABILITY = YES;
				GCC_C_LANGUAGE_STANDARD = gnu11;
				GCC_DYNAMIC_NO_PIC = NO;
				GCC_NO_COMMON_BLOCKS = YES;
				GCC_OPTIMIZATION_LEVEL = 0;
				GCC_PREPROCESSOR_DEFINITIONS = (
					"DEBUG=1",
					"$(inherited)",
				);
				GCC_WARN_64_TO_32_BIT_CONVERSION = YES;
				GCC_WARN_ABOUT_RETURN_TYPE = YES_ERROR;
				GCC_WARN_UNDECLARED_SELECTOR = YES;
				GCC_WARN_UNINITIALIZED_AUTOS = YES_AGGRESSIVE;
				GCC_WARN_UNUSED_FUNCTION = YES;
				GCC_WARN_UNUSED_VARIABLE = YES;
				IPHONEOS_DEPLOYMENT_TARGET = 12.0;
				MTL_ENABLE_DEBUG_INFO = INCLUDE_SOURCE;
				MTL_FAST_MATH = YES;
				ONLY_ACTIVE_ARCH = YES;
				SDKROOT = iphoneos;
				SWIFT_ACTIVE_COMPILATION_CONDITIONS = DEBUG;
				SWIFT_OPTIMIZATION_LEVEL = "-Onone";
				SWIFT_VERSION = 5.0;
				VERSIONING_SYSTEM = "apple-generic";
				VERSION_INFO_PREFIX = "";
			};
			name = Debug;
		};
		F938998126B004EF0065561F /* Release */ = {
			isa = XCBuildConfiguration;
			buildSettings = {
				ALWAYS_SEARCH_USER_PATHS = NO;
				CLANG_ANALYZER_NONNULL = YES;
				CLANG_ANALYZER_NUMBER_OBJECT_CONVERSION = YES_AGGRESSIVE;
				CLANG_CXX_LANGUAGE_STANDARD = "gnu++14";
				CLANG_CXX_LIBRARY = "libc++";
				CLANG_ENABLE_MODULES = YES;
				CLANG_ENABLE_OBJC_ARC = YES;
				CLANG_ENABLE_OBJC_WEAK = YES;
				CLANG_WARN_BLOCK_CAPTURE_AUTORELEASING = YES;
				CLANG_WARN_BOOL_CONVERSION = YES;
				CLANG_WARN_COMMA = YES;
				CLANG_WARN_CONSTANT_CONVERSION = YES;
				CLANG_WARN_DEPRECATED_OBJC_IMPLEMENTATIONS = YES;
				CLANG_WARN_DIRECT_OBJC_ISA_USAGE = YES_ERROR;
				CLANG_WARN_DOCUMENTATION_COMMENTS = YES;
				CLANG_WARN_EMPTY_BODY = YES;
				CLANG_WARN_ENUM_CONVERSION = YES;
				CLANG_WARN_INFINITE_RECURSION = YES;
				CLANG_WARN_INT_CONVERSION = YES;
				CLANG_WARN_NON_LITERAL_NULL_CONVERSION = YES;
				CLANG_WARN_OBJC_IMPLICIT_RETAIN_SELF = YES;
				CLANG_WARN_OBJC_LITERAL_CONVERSION = YES;
				CLANG_WARN_OBJC_ROOT_CLASS = YES_ERROR;
				CLANG_WARN_QUOTED_INCLUDE_IN_FRAMEWORK_HEADER = YES;
				CLANG_WARN_RANGE_LOOP_ANALYSIS = YES;
				CLANG_WARN_STRICT_PROTOTYPES = YES;
				CLANG_WARN_SUSPICIOUS_MOVE = YES;
				CLANG_WARN_UNGUARDED_AVAILABILITY = YES_AGGRESSIVE;
				CLANG_WARN_UNREACHABLE_CODE = YES;
				CLANG_WARN__DUPLICATE_METHOD_MATCH = YES;
				COPY_PHASE_STRIP = NO;
				CURRENT_PROJECT_VERSION = 3.0.0;
				DEBUG_INFORMATION_FORMAT = "dwarf-with-dsym";
				DYLIB_CURRENT_VERSION = 3.0.0;
				ENABLE_NS_ASSERTIONS = NO;
				ENABLE_STRICT_OBJC_MSGSEND = YES;
				GCC_C_LANGUAGE_STANDARD = gnu11;
				GCC_NO_COMMON_BLOCKS = YES;
				GCC_WARN_64_TO_32_BIT_CONVERSION = YES;
				GCC_WARN_ABOUT_RETURN_TYPE = YES_ERROR;
				GCC_WARN_UNDECLARED_SELECTOR = YES;
				GCC_WARN_UNINITIALIZED_AUTOS = YES_AGGRESSIVE;
				GCC_WARN_UNUSED_FUNCTION = YES;
				GCC_WARN_UNUSED_VARIABLE = YES;
				IPHONEOS_DEPLOYMENT_TARGET = 12.0;
				MTL_ENABLE_DEBUG_INFO = NO;
				MTL_FAST_MATH = YES;
				SDKROOT = iphoneos;
				SWIFT_COMPILATION_MODE = wholemodule;
				SWIFT_OPTIMIZATION_LEVEL = "-O";
				SWIFT_VERSION = 5.0;
				VALIDATE_PRODUCT = YES;
				VERSIONING_SYSTEM = "apple-generic";
				VERSION_INFO_PREFIX = "";
			};
			name = Release;
		};
		F938998326B004EF0065561F /* Debug */ = {
			isa = XCBuildConfiguration;
			buildSettings = {
				CLANG_ENABLE_MODULES = YES;
				CODE_SIGN_IDENTITY = "";
				CODE_SIGN_STYLE = Automatic;
				DEFINES_MODULE = YES;
				DEVELOPMENT_TEAM = "";
				DYLIB_COMPATIBILITY_VERSION = 1;
				DYLIB_INSTALL_NAME_BASE = "@rpath";
				ENABLE_MODULE_VERIFIER = YES;
				INFOPLIST_FILE = AdyenNetworking/Info.plist;
				INSTALL_PATH = "$(LOCAL_LIBRARY_DIR)/Frameworks";
				LD_RUNPATH_SEARCH_PATHS = (
					"$(inherited)",
					"@executable_path/Frameworks",
					"@loader_path/Frameworks",
				);
				MODULE_VERIFIER_SUPPORTED_LANGUAGES = "objective-c objective-c++";
				MODULE_VERIFIER_SUPPORTED_LANGUAGE_STANDARDS = "gnu11 gnu++14";
				PRODUCT_BUNDLE_IDENTIFIER = com.adyen.AdyenNetworking;
				PRODUCT_NAME = "$(TARGET_NAME:c99extidentifier)";
				SKIP_INSTALL = YES;
				SWIFT_OPTIMIZATION_LEVEL = "-Onone";
				TARGETED_DEVICE_FAMILY = "1,2";
			};
			name = Debug;
		};
		F938998426B004EF0065561F /* Release */ = {
			isa = XCBuildConfiguration;
			buildSettings = {
				CLANG_ENABLE_MODULES = YES;
				CODE_SIGN_IDENTITY = "";
				CODE_SIGN_STYLE = Automatic;
				DEFINES_MODULE = YES;
				DEVELOPMENT_TEAM = "";
				DYLIB_COMPATIBILITY_VERSION = 1;
				DYLIB_INSTALL_NAME_BASE = "@rpath";
				ENABLE_MODULE_VERIFIER = YES;
				INFOPLIST_FILE = AdyenNetworking/Info.plist;
				INSTALL_PATH = "$(LOCAL_LIBRARY_DIR)/Frameworks";
				LD_RUNPATH_SEARCH_PATHS = (
					"$(inherited)",
					"@executable_path/Frameworks",
					"@loader_path/Frameworks",
				);
				MODULE_VERIFIER_SUPPORTED_LANGUAGES = "objective-c objective-c++";
				MODULE_VERIFIER_SUPPORTED_LANGUAGE_STANDARDS = "gnu11 gnu++14";
				PRODUCT_BUNDLE_IDENTIFIER = com.adyen.AdyenNetworking;
				PRODUCT_NAME = "$(TARGET_NAME:c99extidentifier)";
				SKIP_INSTALL = YES;
				TARGETED_DEVICE_FAMILY = "1,2";
			};
			name = Release;
		};
/* End XCBuildConfiguration section */

/* Begin XCConfigurationList section */
		81EA9E502D563B4E00C077C9 /* Build configuration list for PBXNativeTarget "UnitTests" */ = {
			isa = XCConfigurationList;
			buildConfigurations = (
				81EA9E512D563B4E00C077C9 /* Debug */,
				81EA9E522D563B4E00C077C9 /* Release */,
			);
			defaultConfigurationIsVisible = 0;
			defaultConfigurationName = Release;
		};
		F913B3D826B18552008F6CD2 /* Build configuration list for PBXNativeTarget "EndToEndTests" */ = {
			isa = XCConfigurationList;
			buildConfigurations = (
				F913B3D326B18552008F6CD2 /* Debug */,
				F913B3D426B18552008F6CD2 /* Release */,
			);
			defaultConfigurationIsVisible = 0;
			defaultConfigurationName = Release;
		};
		F938996826B004EE0065561F /* Build configuration list for PBXProject "AdyenNetworking" */ = {
			isa = XCConfigurationList;
			buildConfigurations = (
				F938998026B004EF0065561F /* Debug */,
				F938998126B004EF0065561F /* Release */,
			);
			defaultConfigurationIsVisible = 0;
			defaultConfigurationName = Release;
		};
		F938998226B004EF0065561F /* Build configuration list for PBXNativeTarget "AdyenNetworking" */ = {
			isa = XCConfigurationList;
			buildConfigurations = (
				F938998326B004EF0065561F /* Debug */,
				F938998426B004EF0065561F /* Release */,
			);
			defaultConfigurationIsVisible = 0;
			defaultConfigurationName = Release;
		};
/* End XCConfigurationList section */
	};
	rootObject = F938996526B004EE0065561F /* Project object */;
}
