// !$*UTF8*$!
{
	archiveVersion = 1;
	classes = {
	};
	objectVersion = 50;
	objects = {

/* Begin PBXBuildFile section */
		F913B3AD26B1854F008F6CD2 /* AppDelegate.swift in Sources */ = {isa = PBXBuildFile; fileRef = F913B3AC26B1854F008F6CD2 /* AppDelegate.swift */; };
		F913B3AF26B1854F008F6CD2 /* SceneDelegate.swift in Sources */ = {isa = PBXBuildFile; fileRef = F913B3AE26B1854F008F6CD2 /* SceneDelegate.swift */; };
		F913B3B126B1854F008F6CD2 /* ViewController.swift in Sources */ = {isa = PBXBuildFile; fileRef = F913B3B026B1854F008F6CD2 /* ViewController.swift */; };
		F913B3B426B1854F008F6CD2 /* Main.storyboard in Resources */ = {isa = PBXBuildFile; fileRef = F913B3B226B1854F008F6CD2 /* Main.storyboard */; };
		F913B3B626B18551008F6CD2 /* Assets.xcassets in Resources */ = {isa = PBXBuildFile; fileRef = F913B3B526B18551008F6CD2 /* Assets.xcassets */; };
		F913B3B926B18551008F6CD2 /* LaunchScreen.storyboard in Resources */ = {isa = PBXBuildFile; fileRef = F913B3B726B18551008F6CD2 /* LaunchScreen.storyboard */; };
		F913B3DC26B40C0F008F6CD2 /* GetUsersRequest.swift in Sources */ = {isa = PBXBuildFile; fileRef = F913B3DB26B40C0F008F6CD2 /* GetUsersRequest.swift */; };
		F913B3DF26B40C5B008F6CD2 /* UserModel.swift in Sources */ = {isa = PBXBuildFile; fileRef = F913B3DE26B40C5B008F6CD2 /* UserModel.swift */; };
		F913B3E126B40E0B008F6CD2 /* APIContext.swift in Sources */ = {isa = PBXBuildFile; fileRef = F913B3E026B40E0B008F6CD2 /* APIContext.swift */; };
		F913B3E426B41116008F6CD2 /* CreateUsersRequest.swift in Sources */ = {isa = PBXBuildFile; fileRef = F913B3E326B41116008F6CD2 /* CreateUsersRequest.swift */; };
		F913B3E626B4152C008F6CD2 /* AdyenNetworking.framework in Frameworks */ = {isa = PBXBuildFile; fileRef = F938996E26B004EE0065561F /* AdyenNetworking.framework */; };
		F913B3E726B4152C008F6CD2 /* AdyenNetworking.framework in Embed Frameworks */ = {isa = PBXBuildFile; fileRef = F938996E26B004EE0065561F /* AdyenNetworking.framework */; settings = {ATTRIBUTES = (CodeSignOnCopy, RemoveHeadersOnCopy, ); }; };
		F938997826B004EF0065561F /* AdyenNetworking.framework in Frameworks */ = {isa = PBXBuildFile; fileRef = F938996E26B004EE0065561F /* AdyenNetworking.framework */; };
		F938997D26B004EF0065561F /* AdyenNetworkingTests.swift in Sources */ = {isa = PBXBuildFile; fileRef = F938997C26B004EF0065561F /* AdyenNetworkingTests.swift */; };
		F938997F26B004EF0065561F /* AdyenNetworking.h in Headers */ = {isa = PBXBuildFile; fileRef = F938997126B004EE0065561F /* AdyenNetworking.h */; settings = {ATTRIBUTES = (Public, ); }; };
		F938999026B0059E0065561F /* RetryAPIClient.swift in Sources */ = {isa = PBXBuildFile; fileRef = F938998926B0059E0065561F /* RetryAPIClient.swift */; };
		F938999126B0059E0065561F /* SimpleScheduler.swift in Sources */ = {isa = PBXBuildFile; fileRef = F938998A26B0059E0065561F /* SimpleScheduler.swift */; };
		F938999226B0059E0065561F /* APIClient.swift in Sources */ = {isa = PBXBuildFile; fileRef = F938998B26B0059E0065561F /* APIClient.swift */; };
		F938999326B0059E0065561F /* Scheduler.swift in Sources */ = {isa = PBXBuildFile; fileRef = F938998C26B0059E0065561F /* Scheduler.swift */; };
		F938999426B0059E0065561F /* RetryOnErrorAPIClient.swift in Sources */ = {isa = PBXBuildFile; fileRef = F938998D26B0059E0065561F /* RetryOnErrorAPIClient.swift */; };
		F938999526B0059E0065561F /* BackoffScheduler.swift in Sources */ = {isa = PBXBuildFile; fileRef = F938998E26B0059E0065561F /* BackoffScheduler.swift */; };
		F938999626B0059E0065561F /* UniqueAssetAPIClient.swift in Sources */ = {isa = PBXBuildFile; fileRef = F938998F26B0059E0065561F /* UniqueAssetAPIClient.swift */; };
		F938999826B005B00065561F /* Request.swift in Sources */ = {isa = PBXBuildFile; fileRef = F938999726B005B00065561F /* Request.swift */; };
		F938999B26B005D70065561F /* AnyAPIContext.swift in Sources */ = {isa = PBXBuildFile; fileRef = F938999926B005D70065561F /* AnyAPIContext.swift */; };
		F938999C26B005D70065561F /* AnyAPIEnvironment.swift in Sources */ = {isa = PBXBuildFile; fileRef = F938999A26B005D70065561F /* AnyAPIEnvironment.swift */; };
		F938999E26B0061C0065561F /* Coder.swift in Sources */ = {isa = PBXBuildFile; fileRef = F938999D26B0061C0065561F /* Coder.swift */; };
		F93899A226B006610065561F /* URLSessionHelpers.swift in Sources */ = {isa = PBXBuildFile; fileRef = F93899A126B006610065561F /* URLSessionHelpers.swift */; };
		F93899A526B006900065561F /* Logging.swift in Sources */ = {isa = PBXBuildFile; fileRef = F93899A326B006900065561F /* Logging.swift */; };
		F93899A826B007730065561F /* HttpError.swift in Sources */ = {isa = PBXBuildFile; fileRef = F93899A726B007730065561F /* HttpError.swift */; };
		F93899AA26B008080065561F /* URLHelpers.swift in Sources */ = {isa = PBXBuildFile; fileRef = F93899A926B008080065561F /* URLHelpers.swift */; };
		F9FCFF4426C6AACD00540FE1 /* InvalidCreateUsersRequest.swift in Sources */ = {isa = PBXBuildFile; fileRef = F9FCFF4326C6AACD00540FE1 /* InvalidCreateUsersRequest.swift */; };
		F9FCFF4826CB96E800540FE1 /* APIClientTests.swift in Sources */ = {isa = PBXBuildFile; fileRef = F9FCFF4726CB96E800540FE1 /* APIClientTests.swift */; };
/* End PBXBuildFile section */

/* Begin PBXContainerItemProxy section */
		F913B3C026B18551008F6CD2 /* PBXContainerItemProxy */ = {
			isa = PBXContainerItemProxy;
			containerPortal = F938996526B004EE0065561F /* Project object */;
			proxyType = 1;
			remoteGlobalIDString = F913B3A926B1854F008F6CD2;
			remoteInfo = "Networking Demo App";
		};
		F913B3E826B4152C008F6CD2 /* PBXContainerItemProxy */ = {
			isa = PBXContainerItemProxy;
			containerPortal = F938996526B004EE0065561F /* Project object */;
			proxyType = 1;
			remoteGlobalIDString = F938996D26B004EE0065561F;
			remoteInfo = AdyenNetworking;
		};
		F938997926B004EF0065561F /* PBXContainerItemProxy */ = {
			isa = PBXContainerItemProxy;
			containerPortal = F938996526B004EE0065561F /* Project object */;
			proxyType = 1;
			remoteGlobalIDString = F938996D26B004EE0065561F;
			remoteInfo = AdyenNetworking;
		};
/* End PBXContainerItemProxy section */

/* Begin PBXCopyFilesBuildPhase section */
		F913B3EA26B4152C008F6CD2 /* Embed Frameworks */ = {
			isa = PBXCopyFilesBuildPhase;
			buildActionMask = 2147483647;
			dstPath = "";
			dstSubfolderSpec = 10;
			files = (
				F913B3E726B4152C008F6CD2 /* AdyenNetworking.framework in Embed Frameworks */,
			);
			name = "Embed Frameworks";
			runOnlyForDeploymentPostprocessing = 0;
		};
/* End PBXCopyFilesBuildPhase section */

/* Begin PBXFileReference section */
		F913B3AA26B1854F008F6CD2 /* Networking Demo App.app */ = {isa = PBXFileReference; explicitFileType = wrapper.application; includeInIndex = 0; path = "Networking Demo App.app"; sourceTree = BUILT_PRODUCTS_DIR; };
		F913B3AC26B1854F008F6CD2 /* AppDelegate.swift */ = {isa = PBXFileReference; lastKnownFileType = sourcecode.swift; path = AppDelegate.swift; sourceTree = "<group>"; };
		F913B3AE26B1854F008F6CD2 /* SceneDelegate.swift */ = {isa = PBXFileReference; lastKnownFileType = sourcecode.swift; path = SceneDelegate.swift; sourceTree = "<group>"; };
		F913B3B026B1854F008F6CD2 /* ViewController.swift */ = {isa = PBXFileReference; lastKnownFileType = sourcecode.swift; path = ViewController.swift; sourceTree = "<group>"; };
		F913B3B326B1854F008F6CD2 /* Base */ = {isa = PBXFileReference; lastKnownFileType = file.storyboard; name = Base; path = Base.lproj/Main.storyboard; sourceTree = "<group>"; };
		F913B3B526B18551008F6CD2 /* Assets.xcassets */ = {isa = PBXFileReference; lastKnownFileType = folder.assetcatalog; path = Assets.xcassets; sourceTree = "<group>"; };
		F913B3B826B18551008F6CD2 /* Base */ = {isa = PBXFileReference; lastKnownFileType = file.storyboard; name = Base; path = Base.lproj/LaunchScreen.storyboard; sourceTree = "<group>"; };
		F913B3BA26B18551008F6CD2 /* Info.plist */ = {isa = PBXFileReference; lastKnownFileType = text.plist.xml; path = Info.plist; sourceTree = "<group>"; };
		F913B3BF26B18551008F6CD2 /* Networking Demo AppTests.xctest */ = {isa = PBXFileReference; explicitFileType = wrapper.cfbundle; includeInIndex = 0; path = "Networking Demo AppTests.xctest"; sourceTree = BUILT_PRODUCTS_DIR; };
		F913B3C526B18551008F6CD2 /* Info.plist */ = {isa = PBXFileReference; lastKnownFileType = text.plist.xml; path = Info.plist; sourceTree = "<group>"; };
		F913B3DB26B40C0F008F6CD2 /* GetUsersRequest.swift */ = {isa = PBXFileReference; lastKnownFileType = sourcecode.swift; path = GetUsersRequest.swift; sourceTree = "<group>"; };
		F913B3DE26B40C5B008F6CD2 /* UserModel.swift */ = {isa = PBXFileReference; lastKnownFileType = sourcecode.swift; path = UserModel.swift; sourceTree = "<group>"; };
		F913B3E026B40E0B008F6CD2 /* APIContext.swift */ = {isa = PBXFileReference; lastKnownFileType = sourcecode.swift; path = APIContext.swift; sourceTree = "<group>"; };
		F913B3E326B41116008F6CD2 /* CreateUsersRequest.swift */ = {isa = PBXFileReference; lastKnownFileType = sourcecode.swift; path = CreateUsersRequest.swift; sourceTree = "<group>"; };
		F938996E26B004EE0065561F /* AdyenNetworking.framework */ = {isa = PBXFileReference; explicitFileType = wrapper.framework; includeInIndex = 0; path = AdyenNetworking.framework; sourceTree = BUILT_PRODUCTS_DIR; };
		F938997126B004EE0065561F /* AdyenNetworking.h */ = {isa = PBXFileReference; lastKnownFileType = sourcecode.c.h; path = AdyenNetworking.h; sourceTree = "<group>"; };
		F938997226B004EE0065561F /* Info.plist */ = {isa = PBXFileReference; lastKnownFileType = text.plist.xml; path = Info.plist; sourceTree = "<group>"; };
		F938997726B004EF0065561F /* AdyenNetworkingTests.xctest */ = {isa = PBXFileReference; explicitFileType = wrapper.cfbundle; includeInIndex = 0; path = AdyenNetworkingTests.xctest; sourceTree = BUILT_PRODUCTS_DIR; };
		F938997C26B004EF0065561F /* AdyenNetworkingTests.swift */ = {isa = PBXFileReference; lastKnownFileType = sourcecode.swift; path = AdyenNetworkingTests.swift; sourceTree = "<group>"; };
		F938997E26B004EF0065561F /* Info.plist */ = {isa = PBXFileReference; lastKnownFileType = text.plist.xml; path = Info.plist; sourceTree = "<group>"; };
		F938998926B0059E0065561F /* RetryAPIClient.swift */ = {isa = PBXFileReference; fileEncoding = 4; lastKnownFileType = sourcecode.swift; path = RetryAPIClient.swift; sourceTree = "<group>"; };
		F938998A26B0059E0065561F /* SimpleScheduler.swift */ = {isa = PBXFileReference; fileEncoding = 4; lastKnownFileType = sourcecode.swift; path = SimpleScheduler.swift; sourceTree = "<group>"; };
		F938998B26B0059E0065561F /* APIClient.swift */ = {isa = PBXFileReference; fileEncoding = 4; lastKnownFileType = sourcecode.swift; path = APIClient.swift; sourceTree = "<group>"; };
		F938998C26B0059E0065561F /* Scheduler.swift */ = {isa = PBXFileReference; fileEncoding = 4; lastKnownFileType = sourcecode.swift; path = Scheduler.swift; sourceTree = "<group>"; };
		F938998D26B0059E0065561F /* RetryOnErrorAPIClient.swift */ = {isa = PBXFileReference; fileEncoding = 4; lastKnownFileType = sourcecode.swift; path = RetryOnErrorAPIClient.swift; sourceTree = "<group>"; };
		F938998E26B0059E0065561F /* BackoffScheduler.swift */ = {isa = PBXFileReference; fileEncoding = 4; lastKnownFileType = sourcecode.swift; path = BackoffScheduler.swift; sourceTree = "<group>"; };
		F938998F26B0059E0065561F /* UniqueAssetAPIClient.swift */ = {isa = PBXFileReference; fileEncoding = 4; lastKnownFileType = sourcecode.swift; path = UniqueAssetAPIClient.swift; sourceTree = "<group>"; };
		F938999726B005B00065561F /* Request.swift */ = {isa = PBXFileReference; fileEncoding = 4; lastKnownFileType = sourcecode.swift; path = Request.swift; sourceTree = "<group>"; };
		F938999926B005D70065561F /* AnyAPIContext.swift */ = {isa = PBXFileReference; fileEncoding = 4; lastKnownFileType = sourcecode.swift; path = AnyAPIContext.swift; sourceTree = "<group>"; };
		F938999A26B005D70065561F /* AnyAPIEnvironment.swift */ = {isa = PBXFileReference; fileEncoding = 4; lastKnownFileType = sourcecode.swift; path = AnyAPIEnvironment.swift; sourceTree = "<group>"; };
		F938999D26B0061C0065561F /* Coder.swift */ = {isa = PBXFileReference; fileEncoding = 4; lastKnownFileType = sourcecode.swift; path = Coder.swift; sourceTree = "<group>"; };
		F93899A126B006610065561F /* URLSessionHelpers.swift */ = {isa = PBXFileReference; fileEncoding = 4; lastKnownFileType = sourcecode.swift; path = URLSessionHelpers.swift; sourceTree = "<group>"; };
		F93899A326B006900065561F /* Logging.swift */ = {isa = PBXFileReference; fileEncoding = 4; lastKnownFileType = sourcecode.swift; path = Logging.swift; sourceTree = "<group>"; };
		F93899A726B007730065561F /* HttpError.swift */ = {isa = PBXFileReference; lastKnownFileType = sourcecode.swift; path = HttpError.swift; sourceTree = "<group>"; };
		F93899A926B008080065561F /* URLHelpers.swift */ = {isa = PBXFileReference; fileEncoding = 4; lastKnownFileType = sourcecode.swift; path = URLHelpers.swift; sourceTree = "<group>"; };
		F9FCFF4326C6AACD00540FE1 /* InvalidCreateUsersRequest.swift */ = {isa = PBXFileReference; lastKnownFileType = sourcecode.swift; path = InvalidCreateUsersRequest.swift; sourceTree = "<group>"; };
		F9FCFF4726CB96E800540FE1 /* APIClientTests.swift */ = {isa = PBXFileReference; lastKnownFileType = sourcecode.swift; path = APIClientTests.swift; sourceTree = "<group>"; };
/* End PBXFileReference section */

/* Begin PBXFrameworksBuildPhase section */
		F913B3A726B1854F008F6CD2 /* Frameworks */ = {
			isa = PBXFrameworksBuildPhase;
			buildActionMask = 2147483647;
			files = (
				F913B3E626B4152C008F6CD2 /* AdyenNetworking.framework in Frameworks */,
			);
			runOnlyForDeploymentPostprocessing = 0;
		};
		F913B3BC26B18551008F6CD2 /* Frameworks */ = {
			isa = PBXFrameworksBuildPhase;
			buildActionMask = 2147483647;
			files = (
			);
			runOnlyForDeploymentPostprocessing = 0;
		};
		F938996B26B004EE0065561F /* Frameworks */ = {
			isa = PBXFrameworksBuildPhase;
			buildActionMask = 2147483647;
			files = (
			);
			runOnlyForDeploymentPostprocessing = 0;
		};
		F938997426B004EF0065561F /* Frameworks */ = {
			isa = PBXFrameworksBuildPhase;
			buildActionMask = 2147483647;
			files = (
				F938997826B004EF0065561F /* AdyenNetworking.framework in Frameworks */,
			);
			runOnlyForDeploymentPostprocessing = 0;
		};
/* End PBXFrameworksBuildPhase section */

/* Begin PBXGroup section */
		F913B3AB26B1854F008F6CD2 /* Networking Demo App */ = {
			isa = PBXGroup;
			children = (
				F913B3E226B410C3008F6CD2 /* API */,
				F913B3AC26B1854F008F6CD2 /* AppDelegate.swift */,
				F913B3AE26B1854F008F6CD2 /* SceneDelegate.swift */,
				F913B3B026B1854F008F6CD2 /* ViewController.swift */,
				F913B3B226B1854F008F6CD2 /* Main.storyboard */,
				F913B3B526B18551008F6CD2 /* Assets.xcassets */,
				F913B3B726B18551008F6CD2 /* LaunchScreen.storyboard */,
				F913B3BA26B18551008F6CD2 /* Info.plist */,
			);
			path = "Networking Demo App";
			sourceTree = "<group>";
		};
		F913B3C226B18551008F6CD2 /* Networking Demo AppTests */ = {
			isa = PBXGroup;
			children = (
				F9FCFF4726CB96E800540FE1 /* APIClientTests.swift */,
				F913B3C526B18551008F6CD2 /* Info.plist */,
			);
			path = "Networking Demo AppTests";
			sourceTree = "<group>";
		};
		F913B3DA26B40BEA008F6CD2 /* Requests */ = {
			isa = PBXGroup;
			children = (
				F913B3DB26B40C0F008F6CD2 /* GetUsersRequest.swift */,
				F913B3E326B41116008F6CD2 /* CreateUsersRequest.swift */,
				F9FCFF4326C6AACD00540FE1 /* InvalidCreateUsersRequest.swift */,
			);
			path = Requests;
			sourceTree = "<group>";
		};
		F913B3DD26B40C49008F6CD2 /* Model */ = {
			isa = PBXGroup;
			children = (
				F913B3DE26B40C5B008F6CD2 /* UserModel.swift */,
			);
			path = Model;
			sourceTree = "<group>";
		};
		F913B3E226B410C3008F6CD2 /* API */ = {
			isa = PBXGroup;
			children = (
				F913B3E026B40E0B008F6CD2 /* APIContext.swift */,
				F913B3DD26B40C49008F6CD2 /* Model */,
				F913B3DA26B40BEA008F6CD2 /* Requests */,
			);
			path = API;
			sourceTree = "<group>";
		};
		F913B3E526B4152C008F6CD2 /* Frameworks */ = {
			isa = PBXGroup;
			children = (
			);
			name = Frameworks;
			sourceTree = "<group>";
		};
		F938996426B004EE0065561F = {
			isa = PBXGroup;
			children = (
				F938997026B004EE0065561F /* AdyenNetworking */,
				F938997B26B004EF0065561F /* AdyenNetworkingTests */,
				F913B3AB26B1854F008F6CD2 /* Networking Demo App */,
				F913B3C226B18551008F6CD2 /* Networking Demo AppTests */,
				F938996F26B004EE0065561F /* Products */,
				F913B3E526B4152C008F6CD2 /* Frameworks */,
			);
			sourceTree = "<group>";
		};
		F938996F26B004EE0065561F /* Products */ = {
			isa = PBXGroup;
			children = (
				F938996E26B004EE0065561F /* AdyenNetworking.framework */,
				F938997726B004EF0065561F /* AdyenNetworkingTests.xctest */,
				F913B3AA26B1854F008F6CD2 /* Networking Demo App.app */,
				F913B3BF26B18551008F6CD2 /* Networking Demo AppTests.xctest */,
			);
			name = Products;
			sourceTree = "<group>";
		};
		F938997026B004EE0065561F /* AdyenNetworking */ = {
			isa = PBXGroup;
			children = (
				F93899AB26B00ADE0065561F /* Helpers */,
				F938998826B0056A0065561F /* APIClient */,
				F938997126B004EE0065561F /* AdyenNetworking.h */,
				F938997226B004EE0065561F /* Info.plist */,
			);
			path = AdyenNetworking;
			sourceTree = "<group>";
		};
		F938997B26B004EF0065561F /* AdyenNetworkingTests */ = {
			isa = PBXGroup;
			children = (
				F938997C26B004EF0065561F /* AdyenNetworkingTests.swift */,
				F938997E26B004EF0065561F /* Info.plist */,
			);
			path = AdyenNetworkingTests;
			sourceTree = "<group>";
		};
		F938998826B0056A0065561F /* APIClient */ = {
			isa = PBXGroup;
			children = (
				F938999926B005D70065561F /* AnyAPIContext.swift */,
				F938999A26B005D70065561F /* AnyAPIEnvironment.swift */,
				F938999726B005B00065561F /* Request.swift */,
				F938998B26B0059E0065561F /* APIClient.swift */,
				F938998E26B0059E0065561F /* BackoffScheduler.swift */,
				F938998926B0059E0065561F /* RetryAPIClient.swift */,
				F938998D26B0059E0065561F /* RetryOnErrorAPIClient.swift */,
				F938998C26B0059E0065561F /* Scheduler.swift */,
				F938998A26B0059E0065561F /* SimpleScheduler.swift */,
				F938998F26B0059E0065561F /* UniqueAssetAPIClient.swift */,
				F93899A726B007730065561F /* HttpError.swift */,
			);
			path = APIClient;
			sourceTree = "<group>";
		};
		F93899AB26B00ADE0065561F /* Helpers */ = {
			isa = PBXGroup;
			children = (
				F93899A926B008080065561F /* URLHelpers.swift */,
				F93899A326B006900065561F /* Logging.swift */,
				F93899A126B006610065561F /* URLSessionHelpers.swift */,
				F938999D26B0061C0065561F /* Coder.swift */,
			);
			path = Helpers;
			sourceTree = "<group>";
		};
/* End PBXGroup section */

/* Begin PBXHeadersBuildPhase section */
		F938996926B004EE0065561F /* Headers */ = {
			isa = PBXHeadersBuildPhase;
			buildActionMask = 2147483647;
			files = (
				F938997F26B004EF0065561F /* AdyenNetworking.h in Headers */,
			);
			runOnlyForDeploymentPostprocessing = 0;
		};
/* End PBXHeadersBuildPhase section */

/* Begin PBXNativeTarget section */
		F913B3A926B1854F008F6CD2 /* Networking Demo App */ = {
			isa = PBXNativeTarget;
			buildConfigurationList = F913B3D726B18552008F6CD2 /* Build configuration list for PBXNativeTarget "Networking Demo App" */;
			buildPhases = (
				F913B3A626B1854F008F6CD2 /* Sources */,
				F913B3A726B1854F008F6CD2 /* Frameworks */,
				F913B3A826B1854F008F6CD2 /* Resources */,
				F913B3EA26B4152C008F6CD2 /* Embed Frameworks */,
			);
			buildRules = (
			);
			dependencies = (
				F913B3E926B4152C008F6CD2 /* PBXTargetDependency */,
			);
			name = "Networking Demo App";
			productName = "Networking Demo App";
			productReference = F913B3AA26B1854F008F6CD2 /* Networking Demo App.app */;
			productType = "com.apple.product-type.application";
		};
		F913B3BE26B18551008F6CD2 /* Networking Demo AppTests */ = {
			isa = PBXNativeTarget;
			buildConfigurationList = F913B3D826B18552008F6CD2 /* Build configuration list for PBXNativeTarget "Networking Demo AppTests" */;
			buildPhases = (
				F913B3BB26B18551008F6CD2 /* Sources */,
				F913B3BC26B18551008F6CD2 /* Frameworks */,
				F913B3BD26B18551008F6CD2 /* Resources */,
			);
			buildRules = (
			);
			dependencies = (
				F913B3C126B18551008F6CD2 /* PBXTargetDependency */,
			);
			name = "Networking Demo AppTests";
			productName = "Networking Demo AppTests";
			productReference = F913B3BF26B18551008F6CD2 /* Networking Demo AppTests.xctest */;
			productType = "com.apple.product-type.bundle.unit-test";
		};
		F938996D26B004EE0065561F /* AdyenNetworking */ = {
			isa = PBXNativeTarget;
			buildConfigurationList = F938998226B004EF0065561F /* Build configuration list for PBXNativeTarget "AdyenNetworking" */;
			buildPhases = (
				F938996926B004EE0065561F /* Headers */,
				F938996A26B004EE0065561F /* Sources */,
				F938996B26B004EE0065561F /* Frameworks */,
				F938996C26B004EE0065561F /* Resources */,
			);
			buildRules = (
			);
			dependencies = (
			);
			name = AdyenNetworking;
			productName = AdyenNetworking;
			productReference = F938996E26B004EE0065561F /* AdyenNetworking.framework */;
			productType = "com.apple.product-type.framework";
		};
		F938997626B004EF0065561F /* AdyenNetworkingTests */ = {
			isa = PBXNativeTarget;
			buildConfigurationList = F938998526B004EF0065561F /* Build configuration list for PBXNativeTarget "AdyenNetworkingTests" */;
			buildPhases = (
				F938997326B004EF0065561F /* Sources */,
				F938997426B004EF0065561F /* Frameworks */,
				F938997526B004EF0065561F /* Resources */,
			);
			buildRules = (
			);
			dependencies = (
				F938997A26B004EF0065561F /* PBXTargetDependency */,
			);
			name = AdyenNetworkingTests;
			productName = AdyenNetworkingTests;
			productReference = F938997726B004EF0065561F /* AdyenNetworkingTests.xctest */;
			productType = "com.apple.product-type.bundle.unit-test";
		};
/* End PBXNativeTarget section */

/* Begin PBXProject section */
		F938996526B004EE0065561F /* Project object */ = {
			isa = PBXProject;
			attributes = {
				LastSwiftUpdateCheck = 1250;
				LastUpgradeCheck = 1250;
				TargetAttributes = {
					F913B3A926B1854F008F6CD2 = {
						CreatedOnToolsVersion = 12.5;
					};
					F913B3BE26B18551008F6CD2 = {
						CreatedOnToolsVersion = 12.5;
						TestTargetID = F913B3A926B1854F008F6CD2;
					};
					F938996D26B004EE0065561F = {
						CreatedOnToolsVersion = 12.5;
						LastSwiftMigration = 1250;
					};
					F938997626B004EF0065561F = {
						CreatedOnToolsVersion = 12.5;
					};
				};
			};
			buildConfigurationList = F938996826B004EE0065561F /* Build configuration list for PBXProject "AdyenNetworking" */;
			compatibilityVersion = "Xcode 9.3";
			developmentRegion = en;
			hasScannedForEncodings = 0;
			knownRegions = (
				en,
				Base,
			);
			mainGroup = F938996426B004EE0065561F;
			productRefGroup = F938996F26B004EE0065561F /* Products */;
			projectDirPath = "";
			projectRoot = "";
			targets = (
				F938996D26B004EE0065561F /* AdyenNetworking */,
				F938997626B004EF0065561F /* AdyenNetworkingTests */,
				F913B3A926B1854F008F6CD2 /* Networking Demo App */,
				F913B3BE26B18551008F6CD2 /* Networking Demo AppTests */,
			);
		};
/* End PBXProject section */

/* Begin PBXResourcesBuildPhase section */
		F913B3A826B1854F008F6CD2 /* Resources */ = {
			isa = PBXResourcesBuildPhase;
			buildActionMask = 2147483647;
			files = (
				F913B3B926B18551008F6CD2 /* LaunchScreen.storyboard in Resources */,
				F913B3B626B18551008F6CD2 /* Assets.xcassets in Resources */,
				F913B3B426B1854F008F6CD2 /* Main.storyboard in Resources */,
			);
			runOnlyForDeploymentPostprocessing = 0;
		};
		F913B3BD26B18551008F6CD2 /* Resources */ = {
			isa = PBXResourcesBuildPhase;
			buildActionMask = 2147483647;
			files = (
			);
			runOnlyForDeploymentPostprocessing = 0;
		};
		F938996C26B004EE0065561F /* Resources */ = {
			isa = PBXResourcesBuildPhase;
			buildActionMask = 2147483647;
			files = (
			);
			runOnlyForDeploymentPostprocessing = 0;
		};
		F938997526B004EF0065561F /* Resources */ = {
			isa = PBXResourcesBuildPhase;
			buildActionMask = 2147483647;
			files = (
			);
			runOnlyForDeploymentPostprocessing = 0;
		};
/* End PBXResourcesBuildPhase section */

/* Begin PBXSourcesBuildPhase section */
		F913B3A626B1854F008F6CD2 /* Sources */ = {
			isa = PBXSourcesBuildPhase;
			buildActionMask = 2147483647;
			files = (
				F9FCFF4426C6AACD00540FE1 /* InvalidCreateUsersRequest.swift in Sources */,
				F913B3E426B41116008F6CD2 /* CreateUsersRequest.swift in Sources */,
				F913B3B126B1854F008F6CD2 /* ViewController.swift in Sources */,
				F913B3AD26B1854F008F6CD2 /* AppDelegate.swift in Sources */,
				F913B3AF26B1854F008F6CD2 /* SceneDelegate.swift in Sources */,
				F913B3DF26B40C5B008F6CD2 /* UserModel.swift in Sources */,
				F913B3E126B40E0B008F6CD2 /* APIContext.swift in Sources */,
				F913B3DC26B40C0F008F6CD2 /* GetUsersRequest.swift in Sources */,
			);
			runOnlyForDeploymentPostprocessing = 0;
		};
		F913B3BB26B18551008F6CD2 /* Sources */ = {
			isa = PBXSourcesBuildPhase;
			buildActionMask = 2147483647;
			files = (
				F9FCFF4826CB96E800540FE1 /* APIClientTests.swift in Sources */,
			);
			runOnlyForDeploymentPostprocessing = 0;
		};
		F938996A26B004EE0065561F /* Sources */ = {
			isa = PBXSourcesBuildPhase;
			buildActionMask = 2147483647;
			files = (
				F938999526B0059E0065561F /* BackoffScheduler.swift in Sources */,
				F938999826B005B00065561F /* Request.swift in Sources */,
				F938999026B0059E0065561F /* RetryAPIClient.swift in Sources */,
				F938999326B0059E0065561F /* Scheduler.swift in Sources */,
				F938999B26B005D70065561F /* AnyAPIContext.swift in Sources */,
				F938999126B0059E0065561F /* SimpleScheduler.swift in Sources */,
				F938999626B0059E0065561F /* UniqueAssetAPIClient.swift in Sources */,
				F938999226B0059E0065561F /* APIClient.swift in Sources */,
				F93899A226B006610065561F /* URLSessionHelpers.swift in Sources */,
				F938999426B0059E0065561F /* RetryOnErrorAPIClient.swift in Sources */,
				F93899AA26B008080065561F /* URLHelpers.swift in Sources */,
				F93899A526B006900065561F /* Logging.swift in Sources */,
				F93899A826B007730065561F /* HttpError.swift in Sources */,
				F938999E26B0061C0065561F /* Coder.swift in Sources */,
				F938999C26B005D70065561F /* AnyAPIEnvironment.swift in Sources */,
			);
			runOnlyForDeploymentPostprocessing = 0;
		};
		F938997326B004EF0065561F /* Sources */ = {
			isa = PBXSourcesBuildPhase;
			buildActionMask = 2147483647;
			files = (
				F938997D26B004EF0065561F /* AdyenNetworkingTests.swift in Sources */,
			);
			runOnlyForDeploymentPostprocessing = 0;
		};
/* End PBXSourcesBuildPhase section */

/* Begin PBXTargetDependency section */
		F913B3C126B18551008F6CD2 /* PBXTargetDependency */ = {
			isa = PBXTargetDependency;
			target = F913B3A926B1854F008F6CD2 /* Networking Demo App */;
			targetProxy = F913B3C026B18551008F6CD2 /* PBXContainerItemProxy */;
		};
		F913B3E926B4152C008F6CD2 /* PBXTargetDependency */ = {
			isa = PBXTargetDependency;
			target = F938996D26B004EE0065561F /* AdyenNetworking */;
			targetProxy = F913B3E826B4152C008F6CD2 /* PBXContainerItemProxy */;
		};
		F938997A26B004EF0065561F /* PBXTargetDependency */ = {
			isa = PBXTargetDependency;
			target = F938996D26B004EE0065561F /* AdyenNetworking */;
			targetProxy = F938997926B004EF0065561F /* PBXContainerItemProxy */;
		};
/* End PBXTargetDependency section */

/* Begin PBXVariantGroup section */
		F913B3B226B1854F008F6CD2 /* Main.storyboard */ = {
			isa = PBXVariantGroup;
			children = (
				F913B3B326B1854F008F6CD2 /* Base */,
			);
			name = Main.storyboard;
			sourceTree = "<group>";
		};
		F913B3B726B18551008F6CD2 /* LaunchScreen.storyboard */ = {
			isa = PBXVariantGroup;
			children = (
				F913B3B826B18551008F6CD2 /* Base */,
			);
			name = LaunchScreen.storyboard;
			sourceTree = "<group>";
		};
/* End PBXVariantGroup section */

/* Begin XCBuildConfiguration section */
		F913B3D126B18552008F6CD2 /* Debug */ = {
			isa = XCBuildConfiguration;
			buildSettings = {
				ASSETCATALOG_COMPILER_APPICON_NAME = AppIcon;
				ASSETCATALOG_COMPILER_GLOBAL_ACCENT_COLOR_NAME = AccentColor;
				CODE_SIGN_STYLE = Automatic;
				CURRENT_PROJECT_VERSION = 3;
				DEVELOPMENT_TEAM = B2NYSS5932;
				INFOPLIST_FILE = "Networking Demo App/Info.plist";
				LD_RUNPATH_SEARCH_PATHS = (
					"$(inherited)",
					"@executable_path/Frameworks",
				);
				PRODUCT_BUNDLE_IDENTIFIER = "com.adyen.Networking-Demo-App";
				PRODUCT_NAME = "$(TARGET_NAME)";
				SWIFT_VERSION = 5.0;
				TARGETED_DEVICE_FAMILY = "1,2";
			};
			name = Debug;
		};
		F913B3D226B18552008F6CD2 /* Release */ = {
			isa = XCBuildConfiguration;
			buildSettings = {
				ASSETCATALOG_COMPILER_APPICON_NAME = AppIcon;
				ASSETCATALOG_COMPILER_GLOBAL_ACCENT_COLOR_NAME = AccentColor;
				CODE_SIGN_STYLE = Automatic;
				CURRENT_PROJECT_VERSION = 3;
				DEVELOPMENT_TEAM = B2NYSS5932;
				INFOPLIST_FILE = "Networking Demo App/Info.plist";
				LD_RUNPATH_SEARCH_PATHS = (
					"$(inherited)",
					"@executable_path/Frameworks",
				);
				PRODUCT_BUNDLE_IDENTIFIER = "com.adyen.Networking-Demo-App";
				PRODUCT_NAME = "$(TARGET_NAME)";
				SWIFT_VERSION = 5.0;
				TARGETED_DEVICE_FAMILY = "1,2";
			};
			name = Release;
		};
		F913B3D326B18552008F6CD2 /* Debug */ = {
			isa = XCBuildConfiguration;
			buildSettings = {
				ALWAYS_EMBED_SWIFT_STANDARD_LIBRARIES = YES;
				BUNDLE_LOADER = "$(TEST_HOST)";
				CODE_SIGN_STYLE = Automatic;
				DEVELOPMENT_TEAM = B2NYSS5932;
				INFOPLIST_FILE = "Networking Demo AppTests/Info.plist";
				IPHONEOS_DEPLOYMENT_TARGET = 14.5;
				LD_RUNPATH_SEARCH_PATHS = (
					"$(inherited)",
					"@executable_path/Frameworks",
					"@loader_path/Frameworks",
				);
				PRODUCT_BUNDLE_IDENTIFIER = "com.adyen.Networking-Demo-AppTests";
				PRODUCT_NAME = "$(TARGET_NAME)";
				SWIFT_VERSION = 5.0;
				TARGETED_DEVICE_FAMILY = "1,2";
				TEST_HOST = "$(BUILT_PRODUCTS_DIR)/Networking Demo App.app/Networking Demo App";
			};
			name = Debug;
		};
		F913B3D426B18552008F6CD2 /* Release */ = {
			isa = XCBuildConfiguration;
			buildSettings = {
				ALWAYS_EMBED_SWIFT_STANDARD_LIBRARIES = YES;
				BUNDLE_LOADER = "$(TEST_HOST)";
				CODE_SIGN_STYLE = Automatic;
				DEVELOPMENT_TEAM = B2NYSS5932;
				INFOPLIST_FILE = "Networking Demo AppTests/Info.plist";
				IPHONEOS_DEPLOYMENT_TARGET = 14.5;
				LD_RUNPATH_SEARCH_PATHS = (
					"$(inherited)",
					"@executable_path/Frameworks",
					"@loader_path/Frameworks",
				);
				PRODUCT_BUNDLE_IDENTIFIER = "com.adyen.Networking-Demo-AppTests";
				PRODUCT_NAME = "$(TARGET_NAME)";
				SWIFT_VERSION = 5.0;
				TARGETED_DEVICE_FAMILY = "1,2";
				TEST_HOST = "$(BUILT_PRODUCTS_DIR)/Networking Demo App.app/Networking Demo App";
			};
			name = Release;
		};
		F938998026B004EF0065561F /* Debug */ = {
			isa = XCBuildConfiguration;
			buildSettings = {
				ALWAYS_SEARCH_USER_PATHS = NO;
				CLANG_ANALYZER_NONNULL = YES;
				CLANG_ANALYZER_NUMBER_OBJECT_CONVERSION = YES_AGGRESSIVE;
				CLANG_CXX_LANGUAGE_STANDARD = "gnu++14";
				CLANG_CXX_LIBRARY = "libc++";
				CLANG_ENABLE_MODULES = YES;
				CLANG_ENABLE_OBJC_ARC = YES;
				CLANG_ENABLE_OBJC_WEAK = YES;
				CLANG_WARN_BLOCK_CAPTURE_AUTORELEASING = YES;
				CLANG_WARN_BOOL_CONVERSION = YES;
				CLANG_WARN_COMMA = YES;
				CLANG_WARN_CONSTANT_CONVERSION = YES;
				CLANG_WARN_DEPRECATED_OBJC_IMPLEMENTATIONS = YES;
				CLANG_WARN_DIRECT_OBJC_ISA_USAGE = YES_ERROR;
				CLANG_WARN_DOCUMENTATION_COMMENTS = YES;
				CLANG_WARN_EMPTY_BODY = YES;
				CLANG_WARN_ENUM_CONVERSION = YES;
				CLANG_WARN_INFINITE_RECURSION = YES;
				CLANG_WARN_INT_CONVERSION = YES;
				CLANG_WARN_NON_LITERAL_NULL_CONVERSION = YES;
				CLANG_WARN_OBJC_IMPLICIT_RETAIN_SELF = YES;
				CLANG_WARN_OBJC_LITERAL_CONVERSION = YES;
				CLANG_WARN_OBJC_ROOT_CLASS = YES_ERROR;
				CLANG_WARN_QUOTED_INCLUDE_IN_FRAMEWORK_HEADER = YES;
				CLANG_WARN_RANGE_LOOP_ANALYSIS = YES;
				CLANG_WARN_STRICT_PROTOTYPES = YES;
				CLANG_WARN_SUSPICIOUS_MOVE = YES;
				CLANG_WARN_UNGUARDED_AVAILABILITY = YES_AGGRESSIVE;
				CLANG_WARN_UNREACHABLE_CODE = YES;
				CLANG_WARN__DUPLICATE_METHOD_MATCH = YES;
				COPY_PHASE_STRIP = NO;
				CURRENT_PROJECT_VERSION = 1;
				DEBUG_INFORMATION_FORMAT = dwarf;
				ENABLE_STRICT_OBJC_MSGSEND = YES;
				ENABLE_TESTABILITY = YES;
				GCC_C_LANGUAGE_STANDARD = gnu11;
				GCC_DYNAMIC_NO_PIC = NO;
				GCC_NO_COMMON_BLOCKS = YES;
				GCC_OPTIMIZATION_LEVEL = 0;
				GCC_PREPROCESSOR_DEFINITIONS = (
					"DEBUG=1",
					"$(inherited)",
				);
				GCC_WARN_64_TO_32_BIT_CONVERSION = YES;
				GCC_WARN_ABOUT_RETURN_TYPE = YES_ERROR;
				GCC_WARN_UNDECLARED_SELECTOR = YES;
				GCC_WARN_UNINITIALIZED_AUTOS = YES_AGGRESSIVE;
				GCC_WARN_UNUSED_FUNCTION = YES;
				GCC_WARN_UNUSED_VARIABLE = YES;
				IPHONEOS_DEPLOYMENT_TARGET = 14.5;
				MTL_ENABLE_DEBUG_INFO = INCLUDE_SOURCE;
				MTL_FAST_MATH = YES;
				ONLY_ACTIVE_ARCH = YES;
				SDKROOT = iphoneos;
				SWIFT_ACTIVE_COMPILATION_CONDITIONS = DEBUG;
				SWIFT_OPTIMIZATION_LEVEL = "-Onone";
				VERSIONING_SYSTEM = "apple-generic";
				VERSION_INFO_PREFIX = "";
			};
			name = Debug;
		};
		F938998126B004EF0065561F /* Release */ = {
			isa = XCBuildConfiguration;
			buildSettings = {
				ALWAYS_SEARCH_USER_PATHS = NO;
				CLANG_ANALYZER_NONNULL = YES;
				CLANG_ANALYZER_NUMBER_OBJECT_CONVERSION = YES_AGGRESSIVE;
				CLANG_CXX_LANGUAGE_STANDARD = "gnu++14";
				CLANG_CXX_LIBRARY = "libc++";
				CLANG_ENABLE_MODULES = YES;
				CLANG_ENABLE_OBJC_ARC = YES;
				CLANG_ENABLE_OBJC_WEAK = YES;
				CLANG_WARN_BLOCK_CAPTURE_AUTORELEASING = YES;
				CLANG_WARN_BOOL_CONVERSION = YES;
				CLANG_WARN_COMMA = YES;
				CLANG_WARN_CONSTANT_CONVERSION = YES;
				CLANG_WARN_DEPRECATED_OBJC_IMPLEMENTATIONS = YES;
				CLANG_WARN_DIRECT_OBJC_ISA_USAGE = YES_ERROR;
				CLANG_WARN_DOCUMENTATION_COMMENTS = YES;
				CLANG_WARN_EMPTY_BODY = YES;
				CLANG_WARN_ENUM_CONVERSION = YES;
				CLANG_WARN_INFINITE_RECURSION = YES;
				CLANG_WARN_INT_CONVERSION = YES;
				CLANG_WARN_NON_LITERAL_NULL_CONVERSION = YES;
				CLANG_WARN_OBJC_IMPLICIT_RETAIN_SELF = YES;
				CLANG_WARN_OBJC_LITERAL_CONVERSION = YES;
				CLANG_WARN_OBJC_ROOT_CLASS = YES_ERROR;
				CLANG_WARN_QUOTED_INCLUDE_IN_FRAMEWORK_HEADER = YES;
				CLANG_WARN_RANGE_LOOP_ANALYSIS = YES;
				CLANG_WARN_STRICT_PROTOTYPES = YES;
				CLANG_WARN_SUSPICIOUS_MOVE = YES;
				CLANG_WARN_UNGUARDED_AVAILABILITY = YES_AGGRESSIVE;
				CLANG_WARN_UNREACHABLE_CODE = YES;
				CLANG_WARN__DUPLICATE_METHOD_MATCH = YES;
				COPY_PHASE_STRIP = NO;
				CURRENT_PROJECT_VERSION = 1;
				DEBUG_INFORMATION_FORMAT = "dwarf-with-dsym";
				ENABLE_NS_ASSERTIONS = NO;
				ENABLE_STRICT_OBJC_MSGSEND = YES;
				GCC_C_LANGUAGE_STANDARD = gnu11;
				GCC_NO_COMMON_BLOCKS = YES;
				GCC_WARN_64_TO_32_BIT_CONVERSION = YES;
				GCC_WARN_ABOUT_RETURN_TYPE = YES_ERROR;
				GCC_WARN_UNDECLARED_SELECTOR = YES;
				GCC_WARN_UNINITIALIZED_AUTOS = YES_AGGRESSIVE;
				GCC_WARN_UNUSED_FUNCTION = YES;
				GCC_WARN_UNUSED_VARIABLE = YES;
				IPHONEOS_DEPLOYMENT_TARGET = 14.5;
				MTL_ENABLE_DEBUG_INFO = NO;
				MTL_FAST_MATH = YES;
				SDKROOT = iphoneos;
				SWIFT_COMPILATION_MODE = wholemodule;
				SWIFT_OPTIMIZATION_LEVEL = "-O";
				VALIDATE_PRODUCT = YES;
				VERSIONING_SYSTEM = "apple-generic";
				VERSION_INFO_PREFIX = "";
			};
			name = Release;
		};
		F938998326B004EF0065561F /* Debug */ = {
			isa = XCBuildConfiguration;
			buildSettings = {
				CLANG_ENABLE_MODULES = YES;
				CODE_SIGN_STYLE = Automatic;
				CURRENT_PROJECT_VERSION = 3;
				DEFINES_MODULE = YES;
				DEVELOPMENT_TEAM = B2NYSS5932;
				DYLIB_COMPATIBILITY_VERSION = 1;
				DYLIB_CURRENT_VERSION = 1;
				DYLIB_INSTALL_NAME_BASE = "@rpath";
				INFOPLIST_FILE = AdyenNetworking/Info.plist;
				INSTALL_PATH = "$(LOCAL_LIBRARY_DIR)/Frameworks";
				IPHONEOS_DEPLOYMENT_TARGET = 11.0;
				LD_RUNPATH_SEARCH_PATHS = (
					"$(inherited)",
					"@executable_path/Frameworks",
					"@loader_path/Frameworks",
				);
				PRODUCT_BUNDLE_IDENTIFIER = com.adyen.AdyenNetworking;
				PRODUCT_NAME = "$(TARGET_NAME:c99extidentifier)";
				SKIP_INSTALL = YES;
				SWIFT_OPTIMIZATION_LEVEL = "-Onone";
				SWIFT_VERSION = 5.0;
				TARGETED_DEVICE_FAMILY = "1,2";
			};
			name = Debug;
		};
		F938998426B004EF0065561F /* Release */ = {
			isa = XCBuildConfiguration;
			buildSettings = {
				CLANG_ENABLE_MODULES = YES;
				CODE_SIGN_STYLE = Automatic;
				CURRENT_PROJECT_VERSION = 3;
				DEFINES_MODULE = YES;
				DEVELOPMENT_TEAM = B2NYSS5932;
				DYLIB_COMPATIBILITY_VERSION = 1;
				DYLIB_CURRENT_VERSION = 1;
				DYLIB_INSTALL_NAME_BASE = "@rpath";
				INFOPLIST_FILE = AdyenNetworking/Info.plist;
				INSTALL_PATH = "$(LOCAL_LIBRARY_DIR)/Frameworks";
				IPHONEOS_DEPLOYMENT_TARGET = 11.0;
				LD_RUNPATH_SEARCH_PATHS = (
					"$(inherited)",
					"@executable_path/Frameworks",
					"@loader_path/Frameworks",
				);
				PRODUCT_BUNDLE_IDENTIFIER = com.adyen.AdyenNetworking;
				PRODUCT_NAME = "$(TARGET_NAME:c99extidentifier)";
				SKIP_INSTALL = YES;
				SWIFT_VERSION = 5.0;
				TARGETED_DEVICE_FAMILY = "1,2";
			};
			name = Release;
		};
		F938998626B004EF0065561F /* Debug */ = {
			isa = XCBuildConfiguration;
			buildSettings = {
				ALWAYS_EMBED_SWIFT_STANDARD_LIBRARIES = YES;
				CODE_SIGN_STYLE = Automatic;
				DEVELOPMENT_TEAM = B2NYSS5932;
				INFOPLIST_FILE = AdyenNetworkingTests/Info.plist;
				LD_RUNPATH_SEARCH_PATHS = (
					"$(inherited)",
					"@executable_path/Frameworks",
					"@loader_path/Frameworks",
				);
				PRODUCT_BUNDLE_IDENTIFIER = com.adyen.AdyenNetworkingTests;
				PRODUCT_NAME = "$(TARGET_NAME)";
				SWIFT_VERSION = 5.0;
				TARGETED_DEVICE_FAMILY = "1,2";
			};
			name = Debug;
		};
		F938998726B004EF0065561F /* Release */ = {
			isa = XCBuildConfiguration;
			buildSettings = {
				ALWAYS_EMBED_SWIFT_STANDARD_LIBRARIES = YES;
				CODE_SIGN_STYLE = Automatic;
				DEVELOPMENT_TEAM = B2NYSS5932;
				INFOPLIST_FILE = AdyenNetworkingTests/Info.plist;
				LD_RUNPATH_SEARCH_PATHS = (
					"$(inherited)",
					"@executable_path/Frameworks",
					"@loader_path/Frameworks",
				);
				PRODUCT_BUNDLE_IDENTIFIER = com.adyen.AdyenNetworkingTests;
				PRODUCT_NAME = "$(TARGET_NAME)";
				SWIFT_VERSION = 5.0;
				TARGETED_DEVICE_FAMILY = "1,2";
			};
			name = Release;
		};
/* End XCBuildConfiguration section */

/* Begin XCConfigurationList section */
		F913B3D726B18552008F6CD2 /* Build configuration list for PBXNativeTarget "Networking Demo App" */ = {
			isa = XCConfigurationList;
			buildConfigurations = (
				F913B3D126B18552008F6CD2 /* Debug */,
				F913B3D226B18552008F6CD2 /* Release */,
			);
			defaultConfigurationIsVisible = 0;
			defaultConfigurationName = Release;
		};
		F913B3D826B18552008F6CD2 /* Build configuration list for PBXNativeTarget "Networking Demo AppTests" */ = {
			isa = XCConfigurationList;
			buildConfigurations = (
				F913B3D326B18552008F6CD2 /* Debug */,
				F913B3D426B18552008F6CD2 /* Release */,
			);
			defaultConfigurationIsVisible = 0;
			defaultConfigurationName = Release;
		};
		F938996826B004EE0065561F /* Build configuration list for PBXProject "AdyenNetworking" */ = {
			isa = XCConfigurationList;
			buildConfigurations = (
				F938998026B004EF0065561F /* Debug */,
				F938998126B004EF0065561F /* Release */,
			);
			defaultConfigurationIsVisible = 0;
			defaultConfigurationName = Release;
		};
		F938998226B004EF0065561F /* Build configuration list for PBXNativeTarget "AdyenNetworking" */ = {
			isa = XCConfigurationList;
			buildConfigurations = (
				F938998326B004EF0065561F /* Debug */,
				F938998426B004EF0065561F /* Release */,
			);
			defaultConfigurationIsVisible = 0;
			defaultConfigurationName = Release;
		};
		F938998526B004EF0065561F /* Build configuration list for PBXNativeTarget "AdyenNetworkingTests" */ = {
			isa = XCConfigurationList;
			buildConfigurations = (
				F938998626B004EF0065561F /* Debug */,
				F938998726B004EF0065561F /* Release */,
			);
			defaultConfigurationIsVisible = 0;
			defaultConfigurationName = Release;
		};
/* End XCConfigurationList section */
	};
	rootObject = F938996526B004EE0065561F /* Project object */;
}
